
Microsoft Visual Studio Solution File, Format Version 12.00
# Visual Studio Version 17
VisualStudioVersion = 17.3.32922.545
MinimumVisualStudioVersion = 10.0.40219.1
Project("{FAE04EC0-301F-11D3-BF4B-00C04F79EFBC}") = "BoxOfT", "BoxOfT\BoxOfT.csproj", "{C4467A6E-FDE3-43E7-BE14-D6B97CC777D4}"
EndProject
Project("{FAE04EC0-301F-11D3-BF4B-00C04F79EFBC}") = "GenericArrayCreator", "GenericArrayCreator\GenericArrayCreator.csproj", "{8322C9D2-D732-48A7-A526-A0A881B7BE4A}"
EndProject
Project("{FAE04EC0-301F-11D3-BF4B-00C04F79EFBC}") = "GenericScale", "GenericScale\GenericScale.csproj", "{21207D4F-6694-4FBD-92FB-C86A5D34324A}"
EndProject
Global
	GlobalSection(SolutionConfigurationPlatforms) = preSolution
		Debug|Any CPU = Debug|Any CPU
		Release|Any CPU = Release|Any CPU
	EndGlobalSection
	GlobalSection(ProjectConfigurationPlatforms) = postSolution
		{C4467A6E-FDE3-43E7-BE14-D6B97CC777D4}.Debug|Any CPU.ActiveCfg = Debug|Any CPU
		{C4467A6E-FDE3-43E7-BE14-D6B97CC777D4}.Debug|Any CPU.Build.0 = Debug|Any CPU
		{C4467A6E-FDE3-43E7-BE14-D6B97CC777D4}.Release|Any CPU.ActiveCfg = Release|Any CPU
		{C4467A6E-FDE3-43E7-BE14-D6B97CC777D4}.Release|Any CPU.Build.0 = Release|Any CPU
		{8322C9D2-D732-48A7-A526-A0A881B7BE4A}.Debug|Any CPU.ActiveCfg = Debug|Any CPU
		{8322C9D2-D732-48A7-A526-A0A881B7BE4A}.Debug|Any CPU.Build.0 = Debug|Any CPU
		{8322C9D2-D732-48A7-A526-A0A881B7BE4A}.Release|Any CPU.ActiveCfg = Release|Any CPU
		{8322C9D2-D732-48A7-A526-A0A881B7BE4A}.Release|Any CPU.Build.0 = Release|Any CPU
		{21207D4F-6694-4FBD-92FB-C86A5D34324A}.Debug|Any CPU.ActiveCfg = Debug|Any CPU
		{21207D4F-6694-4FBD-92FB-C86A5D34324A}.Debug|Any CPU.Build.0 = Debug|Any CPU
		{21207D4F-6694-4FBD-92FB-C86A5D34324A}.Release|Any CPU.ActiveCfg = Release|Any CPU
		{21207D4F-6694-4FBD-92FB-C86A5D34324A}.Release|Any CPU.Build.0 = Release|Any CPU
	EndGlobalSection
	GlobalSection(SolutionProperties) = preSolution
		HideSolutionNode = FALSE
	EndGlobalSection
	GlobalSection(ExtensibilityGlobals) = postSolution
		SolutionGuid = {0C01F6C0-3AED-477F-9861-A1CF936E136E}
	EndGlobalSection
EndGlobal
